Microsoft Visual Studio Solution File, Format Version 12.00
# Visual Studio 2012
Project("{FAE04EC0-301F-11D3-BF4B-00C04F79EFBC}") = "keyboard-practice", "keyboard-practice.csproj", "{36E11EF3-161E-4A54-99D2-5A485EDC2294}"
EndProject
Global
	GlobalSection(SolutionConfigurationPlatforms) = preSolution
	Debug|Any CPU = Debug|Any CPU
	Release|Any CPU = Release|Any CPU
	Tools|Any CPU = Tools|Any CPU
	EndGlobalSection
	GlobalSection(ProjectConfigurationPlatforms) = postSolution
		{36E11EF3-161E-4A54-99D2-5A485EDC2294}.Debug|Any CPU.ActiveCfg = Debug|Any CPU
		{36E11EF3-161E-4A54-99D2-5A485EDC2294}.Debug|Any CPU.Build.0 = Debug|Any CPU
		{36E11EF3-161E-4A54-99D2-5A485EDC2294}.Release|Any CPU.ActiveCfg = Release|Any CPU
		{36E11EF3-161E-4A54-99D2-5A485EDC2294}.Release|Any CPU.Build.0 = Release|Any CPU
		{36E11EF3-161E-4A54-99D2-5A485EDC2294}.Tools|Any CPU.ActiveCfg = Tools|Any CPU
		{36E11EF3-161E-4A54-99D2-5A485EDC2294}.Tools|Any CPU.Build.0 = Tools|Any CPU
	EndGlobalSection
EndGlobal
