Microsoft Visual Studio Solution File, Format Version 12.00
# Visual Studio 2012
Project("{FAE04EC0-301F-11D3-BF4B-00C04F79EFBC}") = "pathfinding-with-navigation2d", "pathfinding-with-navigation2d.csproj", "{9514405A-841B-4394-9BB0-C3461AF4099C}"
EndProject
Global
	GlobalSection(SolutionConfigurationPlatforms) = preSolution
	Debug|Any CPU = Debug|Any CPU
	Release|Any CPU = Release|Any CPU
	Tools|Any CPU = Tools|Any CPU
	EndGlobalSection
	GlobalSection(ProjectConfigurationPlatforms) = postSolution
		{9514405A-841B-4394-9BB0-C3461AF4099C}.Debug|Any CPU.ActiveCfg = Debug|Any CPU
		{9514405A-841B-4394-9BB0-C3461AF4099C}.Debug|Any CPU.Build.0 = Debug|Any CPU
		{9514405A-841B-4394-9BB0-C3461AF4099C}.Release|Any CPU.ActiveCfg = Release|Any CPU
		{9514405A-841B-4394-9BB0-C3461AF4099C}.Release|Any CPU.Build.0 = Release|Any CPU
		{9514405A-841B-4394-9BB0-C3461AF4099C}.Tools|Any CPU.ActiveCfg = Tools|Any CPU
		{9514405A-841B-4394-9BB0-C3461AF4099C}.Tools|Any CPU.Build.0 = Tools|Any CPU
	EndGlobalSection
EndGlobal
