Microsoft Visual Studio Solution File, Format Version 12.00
# Visual Studio 2012
Project("{FAE04EC0-301F-11D3-BF4B-00C04F79EFBC}") = "create-sprite-with-mouseclick", "create-sprite-with-mouseclick.csproj", "{061DF826-E361-4CDE-A95A-978EDBBE41F2}"
EndProject
Global
	GlobalSection(SolutionConfigurationPlatforms) = preSolution
	Debug|Any CPU = Debug|Any CPU
	Release|Any CPU = Release|Any CPU
	Tools|Any CPU = Tools|Any CPU
	EndGlobalSection
	GlobalSection(ProjectConfigurationPlatforms) = postSolution
		{061DF826-E361-4CDE-A95A-978EDBBE41F2}.Debug|Any CPU.ActiveCfg = Debug|Any CPU
		{061DF826-E361-4CDE-A95A-978EDBBE41F2}.Debug|Any CPU.Build.0 = Debug|Any CPU
		{061DF826-E361-4CDE-A95A-978EDBBE41F2}.Release|Any CPU.ActiveCfg = Release|Any CPU
		{061DF826-E361-4CDE-A95A-978EDBBE41F2}.Release|Any CPU.Build.0 = Release|Any CPU
		{061DF826-E361-4CDE-A95A-978EDBBE41F2}.Tools|Any CPU.ActiveCfg = Tools|Any CPU
		{061DF826-E361-4CDE-A95A-978EDBBE41F2}.Tools|Any CPU.Build.0 = Tools|Any CPU
	EndGlobalSection
EndGlobal
