Microsoft Visual Studio Solution File, Format Version 12.00
# Visual Studio 2012
Project("{FAE04EC0-301F-11D3-BF4B-00C04F79EFBC}") = "read-and-write-sqlite-database", "read-and-write-sqlite-database.csproj", "{9B2B0BEF-D428-4510-9AF5-F082D01093DA}"
EndProject
Global
	GlobalSection(SolutionConfigurationPlatforms) = preSolution
	Debug|Any CPU = Debug|Any CPU
	Release|Any CPU = Release|Any CPU
	Tools|Any CPU = Tools|Any CPU
	EndGlobalSection
	GlobalSection(ProjectConfigurationPlatforms) = postSolution
		{9B2B0BEF-D428-4510-9AF5-F082D01093DA}.Debug|Any CPU.ActiveCfg = Debug|Any CPU
		{9B2B0BEF-D428-4510-9AF5-F082D01093DA}.Debug|Any CPU.Build.0 = Debug|Any CPU
		{9B2B0BEF-D428-4510-9AF5-F082D01093DA}.Release|Any CPU.ActiveCfg = Release|Any CPU
		{9B2B0BEF-D428-4510-9AF5-F082D01093DA}.Release|Any CPU.Build.0 = Release|Any CPU
		{9B2B0BEF-D428-4510-9AF5-F082D01093DA}.Tools|Any CPU.ActiveCfg = Tools|Any CPU
		{9B2B0BEF-D428-4510-9AF5-F082D01093DA}.Tools|Any CPU.Build.0 = Tools|Any CPU
	EndGlobalSection
EndGlobal
