Microsoft Visual Studio Solution File, Format Version 12.00
# Visual Studio 2012
Project("{FAE04EC0-301F-11D3-BF4B-00C04F79EFBC}") = "rotate-sprite-toward-mouse", "rotate-sprite-toward-mouse.csproj", "{1006224D-0507-445A-A359-7AFD402CBBBA}"
EndProject
Global
	GlobalSection(SolutionConfigurationPlatforms) = preSolution
	Debug|Any CPU = Debug|Any CPU
	Release|Any CPU = Release|Any CPU
	Tools|Any CPU = Tools|Any CPU
	EndGlobalSection
	GlobalSection(ProjectConfigurationPlatforms) = postSolution
		{1006224D-0507-445A-A359-7AFD402CBBBA}.Debug|Any CPU.ActiveCfg = Debug|Any CPU
		{1006224D-0507-445A-A359-7AFD402CBBBA}.Debug|Any CPU.Build.0 = Debug|Any CPU
		{1006224D-0507-445A-A359-7AFD402CBBBA}.Release|Any CPU.ActiveCfg = Release|Any CPU
		{1006224D-0507-445A-A359-7AFD402CBBBA}.Release|Any CPU.Build.0 = Release|Any CPU
		{1006224D-0507-445A-A359-7AFD402CBBBA}.Tools|Any CPU.ActiveCfg = Tools|Any CPU
		{1006224D-0507-445A-A359-7AFD402CBBBA}.Tools|Any CPU.Build.0 = Tools|Any CPU
	EndGlobalSection
EndGlobal
