Microsoft Visual Studio Solution File, Format Version 12.00
# Visual Studio 2012
Project("{FAE04EC0-301F-11D3-BF4B-00C04F79EFBC}") = "change-sprite-scale-with-keyboard", "change-sprite-scale-with-keyboard.csproj", "{5ADC4EA3-CD36-4347-A4BC-B8E932793DEE}"
EndProject
Global
	GlobalSection(SolutionConfigurationPlatforms) = preSolution
	Debug|Any CPU = Debug|Any CPU
	Release|Any CPU = Release|Any CPU
	Tools|Any CPU = Tools|Any CPU
	EndGlobalSection
	GlobalSection(ProjectConfigurationPlatforms) = postSolution
		{5ADC4EA3-CD36-4347-A4BC-B8E932793DEE}.Debug|Any CPU.ActiveCfg = Debug|Any CPU
		{5ADC4EA3-CD36-4347-A4BC-B8E932793DEE}.Debug|Any CPU.Build.0 = Debug|Any CPU
		{5ADC4EA3-CD36-4347-A4BC-B8E932793DEE}.Release|Any CPU.ActiveCfg = Release|Any CPU
		{5ADC4EA3-CD36-4347-A4BC-B8E932793DEE}.Release|Any CPU.Build.0 = Release|Any CPU
		{5ADC4EA3-CD36-4347-A4BC-B8E932793DEE}.Tools|Any CPU.ActiveCfg = Tools|Any CPU
		{5ADC4EA3-CD36-4347-A4BC-B8E932793DEE}.Tools|Any CPU.Build.0 = Tools|Any CPU
	EndGlobalSection
EndGlobal
